// !$*UTF8*$!
{
	archiveVersion = 1;
	classes = {
	};
	objectVersion = 50;
	objects = {

/* Begin PBXBuildFile section */
		289F557223C604E30051F661 /* AppDelegate.swift in Sources */ = {isa = PBXBuildFile; fileRef = 289F557123C604E30051F661 /* AppDelegate.swift */; };
		289F557423C604E30051F661 /* SceneDelegate.swift in Sources */ = {isa = PBXBuildFile; fileRef = 289F557323C604E30051F661 /* SceneDelegate.swift */; };
		289F557623C604E30051F661 /* ViewController.swift in Sources */ = {isa = PBXBuildFile; fileRef = 289F557523C604E30051F661 /* ViewController.swift */; };
		289F557923C604E30051F661 /* Main.storyboard in Resources */ = {isa = PBXBuildFile; fileRef = 289F557723C604E30051F661 /* Main.storyboard */; };
		289F557B23C604E60051F661 /* Assets.xcassets in Resources */ = {isa = PBXBuildFile; fileRef = 289F557A23C604E60051F661 /* Assets.xcassets */; };
		289F557E23C604E60051F661 /* LaunchScreen.storyboard in Resources */ = {isa = PBXBuildFile; fileRef = 289F557C23C604E60051F661 /* LaunchScreen.storyboard */; };
		289F558923C604E70051F661 /* Esteban_Giacobbe_CWKTests.swift in Sources */ = {isa = PBXBuildFile; fileRef = 289F558823C604E70051F661 /* Esteban_Giacobbe_CWKTests.swift */; };
		289F559423C604E70051F661 /* Esteban_Giacobbe_CWKUITests.swift in Sources */ = {isa = PBXBuildFile; fileRef = 289F559323C604E70051F661 /* Esteban_Giacobbe_CWKUITests.swift */; };
		289F55A223C605600051F661 /* aim.png in Resources */ = {isa = PBXBuildFile; fileRef = 289F55A123C605600051F661 /* aim.png */; };
		289F55A423C605AC0051F661 /* DragImageView.swift in Sources */ = {isa = PBXBuildFile; fileRef = 289F55A323C605AC0051F661 /* DragImageView.swift */; };
		289F55A623C607C10051F661 /* ball.png in Resources */ = {isa = PBXBuildFile; fileRef = 289F55A523C607C10051F661 /* ball.png */; };
/* End PBXBuildFile section */

/* Begin PBXContainerItemProxy section */
		289F558523C604E70051F661 /* PBXContainerItemProxy */ = {
			isa = PBXContainerItemProxy;
			containerPortal = 289F556623C604E30051F661 /* Project object */;
			proxyType = 1;
			remoteGlobalIDString = 289F556D23C604E30051F661;
			remoteInfo = Esteban_Giacobbe_CWK;
		};
		289F559023C604E70051F661 /* PBXContainerItemProxy */ = {
			isa = PBXContainerItemProxy;
			containerPortal = 289F556623C604E30051F661 /* Project object */;
			proxyType = 1;
			remoteGlobalIDString = 289F556D23C604E30051F661;
			remoteInfo = Esteban_Giacobbe_CWK;
		};
/* End PBXContainerItemProxy section */

/* Begin PBXFileReference section */
		289F556E23C604E30051F661 /* Esteban_Giacobbe_CWK.app */ = {isa = PBXFileReference; explicitFileType = wrapper.application; includeInIndex = 0; path = Esteban_Giacobbe_CWK.app; sourceTree = BUILT_PRODUCTS_DIR; };
		289F557123C604E30051F661 /* AppDelegate.swift */ = {isa = PBXFileReference; lastKnownFileType = sourcecode.swift; path = AppDelegate.swift; sourceTree = "<group>"; };
		289F557323C604E30051F661 /* SceneDelegate.swift */ = {isa = PBXFileReference; lastKnownFileType = sourcecode.swift; path = SceneDelegate.swift; sourceTree = "<group>"; };
		289F557523C604E30051F661 /* ViewController.swift */ = {isa = PBXFileReference; lastKnownFileType = sourcecode.swift; path = ViewController.swift; sourceTree = "<group>"; };
		289F557823C604E30051F661 /* Base */ = {isa = PBXFileReference; lastKnownFileType = file.storyboard; name = Base; path = Base.lproj/Main.storyboard; sourceTree = "<group>"; };
		289F557A23C604E60051F661 /* Assets.xcassets */ = {isa = PBXFileReference; lastKnownFileType = folder.assetcatalog; path = Assets.xcassets; sourceTree = "<group>"; };
		289F557D23C604E60051F661 /* Base */ = {isa = PBXFileReference; lastKnownFileType = file.storyboard; name = Base; path = Base.lproj/LaunchScreen.storyboard; sourceTree = "<group>"; };
		289F557F23C604E60051F661 /* Info.plist */ = {isa = PBXFileReference; lastKnownFileType = text.plist.xml; path = Info.plist; sourceTree = "<group>"; };
		289F558423C604E70051F661 /* Esteban_Giacobbe_CWKTests.xctest */ = {isa = PBXFileReference; explicitFileType = wrapper.cfbundle; includeInIndex = 0; path = Esteban_Giacobbe_CWKTests.xctest; sourceTree = BUILT_PRODUCTS_DIR; };
		289F558823C604E70051F661 /* Esteban_Giacobbe_CWKTests.swift */ = {isa = PBXFileReference; lastKnownFileType = sourcecode.swift; path = Esteban_Giacobbe_CWKTests.swift; sourceTree = "<group>"; };
		289F558A23C604E70051F661 /* Info.plist */ = {isa = PBXFileReference; lastKnownFileType = text.plist.xml; path = Info.plist; sourceTree = "<group>"; };
		289F558F23C604E70051F661 /* Esteban_Giacobbe_CWKUITests.xctest */ = {isa = PBXFileReference; explicitFileType = wrapper.cfbundle; includeInIndex = 0; path = Esteban_Giacobbe_CWKUITests.xctest; sourceTree = BUILT_PRODUCTS_DIR; };
		289F559323C604E70051F661 /* Esteban_Giacobbe_CWKUITests.swift */ = {isa = PBXFileReference; lastKnownFileType = sourcecode.swift; path = Esteban_Giacobbe_CWKUITests.swift; sourceTree = "<group>"; };
		289F559523C604E70051F661 /* Info.plist */ = {isa = PBXFileReference; lastKnownFileType = text.plist.xml; path = Info.plist; sourceTree = "<group>"; };
		289F55A123C605600051F661 /* aim.png */ = {isa = PBXFileReference; lastKnownFileType = image.png; path = aim.png; sourceTree = "<group>"; };
		289F55A323C605AC0051F661 /* DragImageView.swift */ = {isa = PBXFileReference; lastKnownFileType = sourcecode.swift; path = DragImageView.swift; sourceTree = "<group>"; };
		289F55A523C607C10051F661 /* ball.png */ = {isa = PBXFileReference; lastKnownFileType = image.png; path = ball.png; sourceTree = "<group>"; };
/* End PBXFileReference section */

/* Begin PBXFrameworksBuildPhase section */
		289F556B23C604E30051F661 /* Frameworks */ = {
			isa = PBXFrameworksBuildPhase;
			buildActionMask = 2147483647;
			files = (
			);
			runOnlyForDeploymentPostprocessing = 0;
		};
		289F558123C604E70051F661 /* Frameworks */ = {
			isa = PBXFrameworksBuildPhase;
			buildActionMask = 2147483647;
			files = (
			);
			runOnlyForDeploymentPostprocessing = 0;
		};
		289F558C23C604E70051F661 /* Frameworks */ = {
			isa = PBXFrameworksBuildPhase;
			buildActionMask = 2147483647;
			files = (
			);
			runOnlyForDeploymentPostprocessing = 0;
		};
/* End PBXFrameworksBuildPhase section */

/* Begin PBXGroup section */
		289F556523C604E30051F661 = {
			isa = PBXGroup;
			children = (
				289F557023C604E30051F661 /* Esteban_Giacobbe_CWK */,
				289F558723C604E70051F661 /* Esteban_Giacobbe_CWKTests */,
				289F559223C604E70051F661 /* Esteban_Giacobbe_CWKUITests */,
				289F556F23C604E30051F661 /* Products */,
			);
			sourceTree = "<group>";
		};
		289F556F23C604E30051F661 /* Products */ = {
			isa = PBXGroup;
			children = (
				289F556E23C604E30051F661 /* Esteban_Giacobbe_CWK.app */,
				289F558423C604E70051F661 /* Esteban_Giacobbe_CWKTests.xctest */,
				289F558F23C604E70051F661 /* Esteban_Giacobbe_CWKUITests.xctest */,
			);
			name = Products;
			sourceTree = "<group>";
		};
		289F557023C604E30051F661 /* Esteban_Giacobbe_CWK */ = {
			isa = PBXGroup;
			children = (
				289F557123C604E30051F661 /* AppDelegate.swift */,
				289F557323C604E30051F661 /* SceneDelegate.swift */,
				289F557523C604E30051F661 /* ViewController.swift */,
				289F55A523C607C10051F661 /* ball.png */,
				289F55A323C605AC0051F661 /* DragImageView.swift */,
				289F55A123C605600051F661 /* aim.png */,
				289F557723C604E30051F661 /* Main.storyboard */,
				289F557A23C604E60051F661 /* Assets.xcassets */,
				289F557C23C604E60051F661 /* LaunchScreen.storyboard */,
				289F557F23C604E60051F661 /* Info.plist */,
			);
			path = Esteban_Giacobbe_CWK;
			sourceTree = "<group>";
		};
		289F558723C604E70051F661 /* Esteban_Giacobbe_CWKTests */ = {
			isa = PBXGroup;
			children = (
				289F558823C604E70051F661 /* Esteban_Giacobbe_CWKTests.swift */,
				289F558A23C604E70051F661 /* Info.plist */,
			);
			path = Esteban_Giacobbe_CWKTests;
			sourceTree = "<group>";
		};
		289F559223C604E70051F661 /* Esteban_Giacobbe_CWKUITests */ = {
			isa = PBXGroup;
			children = (
				289F559323C604E70051F661 /* Esteban_Giacobbe_CWKUITests.swift */,
				289F559523C604E70051F661 /* Info.plist */,
			);
			path = Esteban_Giacobbe_CWKUITests;
			sourceTree = "<group>";
		};
/* End PBXGroup section */

/* Begin PBXNativeTarget section */
		289F556D23C604E30051F661 /* Esteban_Giacobbe_CWK */ = {
			isa = PBXNativeTarget;
			buildConfigurationList = 289F559823C604E70051F661 /* Build configuration list for PBXNativeTarget "Esteban_Giacobbe_CWK" */;
			buildPhases = (
				289F556A23C604E30051F661 /* Sources */,
				289F556B23C604E30051F661 /* Frameworks */,
				289F556C23C604E30051F661 /* Resources */,
			);
			buildRules = (
			);
			dependencies = (
			);
			name = Esteban_Giacobbe_CWK;
			productName = Esteban_Giacobbe_CWK;
			productReference = 289F556E23C604E30051F661 /* Esteban_Giacobbe_CWK.app */;
			productType = "com.apple.product-type.application";
		};
		289F558323C604E70051F661 /* Esteban_Giacobbe_CWKTests */ = {
			isa = PBXNativeTarget;
			buildConfigurationList = 289F559B23C604E70051F661 /* Build configuration list for PBXNativeTarget "Esteban_Giacobbe_CWKTests" */;
			buildPhases = (
				289F558023C604E70051F661 /* Sources */,
				289F558123C604E70051F661 /* Frameworks */,
				289F558223C604E70051F661 /* Resources */,
			);
			buildRules = (
			);
			dependencies = (
				289F558623C604E70051F661 /* PBXTargetDependency */,
			);
			name = Esteban_Giacobbe_CWKTests;
			productName = Esteban_Giacobbe_CWKTests;
			productReference = 289F558423C604E70051F661 /* Esteban_Giacobbe_CWKTests.xctest */;
			productType = "com.apple.product-type.bundle.unit-test";
		};
		289F558E23C604E70051F661 /* Esteban_Giacobbe_CWKUITests */ = {
			isa = PBXNativeTarget;
			buildConfigurationList = 289F559E23C604E70051F661 /* Build configuration list for PBXNativeTarget "Esteban_Giacobbe_CWKUITests" */;
			buildPhases = (
				289F558B23C604E70051F661 /* Sources */,
				289F558C23C604E70051F661 /* Frameworks */,
				289F558D23C604E70051F661 /* Resources */,
			);
			buildRules = (
			);
			dependencies = (
				289F559123C604E70051F661 /* PBXTargetDependency */,
			);
			name = Esteban_Giacobbe_CWKUITests;
			productName = Esteban_Giacobbe_CWKUITests;
			productReference = 289F558F23C604E70051F661 /* Esteban_Giacobbe_CWKUITests.xctest */;
			productType = "com.apple.product-type.bundle.ui-testing";
		};
/* End PBXNativeTarget section */

/* Begin PBXProject section */
		289F556623C604E30051F661 /* Project object */ = {
			isa = PBXProject;
			attributes = {
				LastSwiftUpdateCheck = 1100;
				LastUpgradeCheck = 1100;
				ORGANIZATIONNAME = jg17abg;
				TargetAttributes = {
					289F556D23C604E30051F661 = {
						CreatedOnToolsVersion = 11.0;
					};
					289F558323C604E70051F661 = {
						CreatedOnToolsVersion = 11.0;
						TestTargetID = 289F556D23C604E30051F661;
					};
					289F558E23C604E70051F661 = {
						CreatedOnToolsVersion = 11.0;
						TestTargetID = 289F556D23C604E30051F661;
					};
				};
			};
			buildConfigurationList = 289F556923C604E30051F661 /* Build configuration list for PBXProject "Esteban_Giacobbe_CWK" */;
			compatibilityVersion = "Xcode 9.3";
			developmentRegion = en;
			hasScannedForEncodings = 0;
			knownRegions = (
				en,
				Base,
			);
			mainGroup = 289F556523C604E30051F661;
			productRefGroup = 289F556F23C604E30051F661 /* Products */;
			projectDirPath = "";
			projectRoot = "";
			targets = (
				289F556D23C604E30051F661 /* Esteban_Giacobbe_CWK */,
				289F558323C604E70051F661 /* Esteban_Giacobbe_CWKTests */,
				289F558E23C604E70051F661 /* Esteban_Giacobbe_CWKUITests */,
			);
		};
/* End PBXProject section */

/* Begin PBXResourcesBuildPhase section */
		289F556C23C604E30051F661 /* Resources */ = {
			isa = PBXResourcesBuildPhase;
			buildActionMask = 2147483647;
			files = (
				289F557E23C604E60051F661 /* LaunchScreen.storyboard in Resources */,
				289F55A623C607C10051F661 /* ball.png in Resources */,
				289F55A223C605600051F661 /* aim.png in Resources */,
				289F557B23C604E60051F661 /* Assets.xcassets in Resources */,
				289F557923C604E30051F661 /* Main.storyboard in Resources */,
			);
			runOnlyForDeploymentPostprocessing = 0;
		};
		289F558223C604E70051F661 /* Resources */ = {
			isa = PBXResourcesBuildPhase;
			buildActionMask = 2147483647;
			files = (
			);
			runOnlyForDeploymentPostprocessing = 0;
		};
		289F558D23C604E70051F661 /* Resources */ = {
			isa = PBXResourcesBuildPhase;
			buildActionMask = 2147483647;
			files = (
			);
			runOnlyForDeploymentPostprocessing = 0;
		};
/* End PBXResourcesBuildPhase section */

/* Begin PBXSourcesBuildPhase section */
		289F556A23C604E30051F661 /* Sources */ = {
			isa = PBXSourcesBuildPhase;
			buildActionMask = 2147483647;
			files = (
				289F557623C604E30051F661 /* ViewController.swift in Sources */,
				289F557223C604E30051F661 /* AppDelegate.swift in Sources */,
				289F55A423C605AC0051F661 /* DragImageView.swift in Sources */,
				289F557423C604E30051F661 /* SceneDelegate.swift in Sources */,
			);
			runOnlyForDeploymentPostprocessing = 0;
		};
		289F558023C604E70051F661 /* Sources */ = {
			isa = PBXSourcesBuildPhase;
			buildActionMask = 2147483647;
			files = (
				289F558923C604E70051F661 /* Esteban_Giacobbe_CWKTests.swift in Sources */,
			);
			runOnlyForDeploymentPostprocessing = 0;
		};
		289F558B23C604E70051F661 /* Sources */ = {
			isa = PBXSourcesBuildPhase;
			buildActionMask = 2147483647;
			files = (
				289F559423C604E70051F661 /* Esteban_Giacobbe_CWKUITests.swift in Sources */,
			);
			runOnlyForDeploymentPostprocessing = 0;
		};
/* End PBXSourcesBuildPhase section */

/* Begin PBXTargetDependency section */
		289F558623C604E70051F661 /* PBXTargetDependency */ = {
			isa = PBXTargetDependency;
			target = 289F556D23C604E30051F661 /* Esteban_Giacobbe_CWK */;
			targetProxy = 289F558523C604E70051F661 /* PBXContainerItemProxy */;
		};
		289F559123C604E70051F661 /* PBXTargetDependency */ = {
			isa = PBXTargetDependency;
			target = 289F556D23C604E30051F661 /* Esteban_Giacobbe_CWK */;
			targetProxy = 289F559023C604E70051F661 /* PBXContainerItemProxy */;
		};
/* End PBXTargetDependency section */

/* Begin PBXVariantGroup section */
		289F557723C604E30051F661 /* Main.storyboard */ = {
			isa = PBXVariantGroup;
			children = (
				289F557823C604E30051F661 /* Base */,
			);
			name = Main.storyboard;
			sourceTree = "<group>";
		};
		289F557C23C604E60051F661 /* LaunchScreen.storyboard */ = {
			isa = PBXVariantGroup;
			children = (
				289F557D23C604E60051F661 /* Base */,
			);
			name = LaunchScreen.storyboard;
			sourceTree = "<group>";
		};
/* End PBXVariantGroup section */

/* Begin XCBuildConfiguration section */
		289F559623C604E70051F661 /* Debug */ = {
			isa = XCBuildConfiguration;
			buildSettings = {
				ALWAYS_SEARCH_USER_PATHS = NO;
				CLANG_ANALYZER_NONNULL = YES;
				CLANG_ANALYZER_NUMBER_OBJECT_CONVERSION = YES_AGGRESSIVE;
				CLANG_CXX_LANGUAGE_STANDARD = "gnu++14";
				CLANG_CXX_LIBRARY = "libc++";
				CLANG_ENABLE_MODULES = YES;
				CLANG_ENABLE_OBJC_ARC = YES;
				CLANG_ENABLE_OBJC_WEAK = YES;
				CLANG_WARN_BLOCK_CAPTURE_AUTORELEASING = YES;
				CLANG_WARN_BOOL_CONVERSION = YES;
				CLANG_WARN_COMMA = YES;
				CLANG_WARN_CONSTANT_CONVERSION = YES;
				CLANG_WARN_DEPRECATED_OBJC_IMPLEMENTATIONS = YES;
				CLANG_WARN_DIRECT_OBJC_ISA_USAGE = YES_ERROR;
				CLANG_WARN_DOCUMENTATION_COMMENTS = YES;
				CLANG_WARN_EMPTY_BODY = YES;
				CLANG_WARN_ENUM_CONVERSION = YES;
				CLANG_WARN_INFINITE_RECURSION = YES;
				CLANG_WARN_INT_CONVERSION = YES;
				CLANG_WARN_NON_LITERAL_NULL_CONVERSION = YES;
				CLANG_WARN_OBJC_IMPLICIT_RETAIN_SELF = YES;
				CLANG_WARN_OBJC_LITERAL_CONVERSION = YES;
				CLANG_WARN_OBJC_ROOT_CLASS = YES_ERROR;
				CLANG_WARN_RANGE_LOOP_ANALYSIS = YES;
				CLANG_WARN_STRICT_PROTOTYPES = YES;
				CLANG_WARN_SUSPICIOUS_MOVE = YES;
				CLANG_WARN_UNGUARDED_AVAILABILITY = YES_AGGRESSIVE;
				CLANG_WARN_UNREACHABLE_CODE = YES;
				CLANG_WARN__DUPLICATE_METHOD_MATCH = YES;
				COPY_PHASE_STRIP = NO;
				DEBUG_INFORMATION_FORMAT = dwarf;
				ENABLE_STRICT_OBJC_MSGSEND = YES;
				ENABLE_TESTABILITY = YES;
				GCC_C_LANGUAGE_STANDARD = gnu11;
				GCC_DYNAMIC_NO_PIC = NO;
				GCC_NO_COMMON_BLOCKS = YES;
				GCC_OPTIMIZATION_LEVEL = 0;
				GCC_PREPROCESSOR_DEFINITIONS = (
					"DEBUG=1",
					"$(inherited)",
				);
				GCC_WARN_64_TO_32_BIT_CONVERSION = YES;
				GCC_WARN_ABOUT_RETURN_TYPE = YES_ERROR;
				GCC_WARN_UNDECLARED_SELECTOR = YES;
				GCC_WARN_UNINITIALIZED_AUTOS = YES_AGGRESSIVE;
				GCC_WARN_UNUSED_FUNCTION = YES;
				GCC_WARN_UNUSED_VARIABLE = YES;
				IPHONEOS_DEPLOYMENT_TARGET = 13.0;
				MTL_ENABLE_DEBUG_INFO = INCLUDE_SOURCE;
				MTL_FAST_MATH = YES;
				ONLY_ACTIVE_ARCH = YES;
				SDKROOT = iphoneos;
				SWIFT_ACTIVE_COMPILATION_CONDITIONS = DEBUG;
				SWIFT_OPTIMIZATION_LEVEL = "-Onone";
			};
			name = Debug;
		};
		289F559723C604E70051F661 /* Release */ = {
			isa = XCBuildConfiguration;
			buildSettings = {
				ALWAYS_SEARCH_USER_PATHS = NO;
				CLANG_ANALYZER_NONNULL = YES;
				CLANG_ANALYZER_NUMBER_OBJECT_CONVERSION = YES_AGGRESSIVE;
				CLANG_CXX_LANGUAGE_STANDARD = "gnu++14";
				CLANG_CXX_LIBRARY = "libc++";
				CLANG_ENABLE_MODULES = YES;
				CLANG_ENABLE_OBJC_ARC = YES;
				CLANG_ENABLE_OBJC_WEAK = YES;
				CLANG_WARN_BLOCK_CAPTURE_AUTORELEASING = YES;
				CLANG_WARN_BOOL_CONVERSION = YES;
				CLANG_WARN_COMMA = YES;
				CLANG_WARN_CONSTANT_CONVERSION = YES;
				CLANG_WARN_DEPRECATED_OBJC_IMPLEMENTATIONS = YES;
				CLANG_WARN_DIRECT_OBJC_ISA_USAGE = YES_ERROR;
				CLANG_WARN_DOCUMENTATION_COMMENTS = YES;
				CLANG_WARN_EMPTY_BODY = YES;
				CLANG_WARN_ENUM_CONVERSION = YES;
				CLANG_WARN_INFINITE_RECURSION = YES;
				CLANG_WARN_INT_CONVERSION = YES;
				CLANG_WARN_NON_LITERAL_NULL_CONVERSION = YES;
				CLANG_WARN_OBJC_IMPLICIT_RETAIN_SELF = YES;
				CLANG_WARN_OBJC_LITERAL_CONVERSION = YES;
				CLANG_WARN_OBJC_ROOT_CLASS = YES_ERROR;
				CLANG_WARN_RANGE_LOOP_ANALYSIS = YES;
				CLANG_WARN_STRICT_PROTOTYPES = YES;
				CLANG_WARN_SUSPICIOUS_MOVE = YES;
				CLANG_WARN_UNGUARDED_AVAILABILITY = YES_AGGRESSIVE;
				CLANG_WARN_UNREACHABLE_CODE = YES;
				CLANG_WARN__DUPLICATE_METHOD_MATCH = YES;
				COPY_PHASE_STRIP = NO;
				DEBUG_INFORMATION_FORMAT = "dwarf-with-dsym";
				ENABLE_NS_ASSERTIONS = NO;
				ENABLE_STRICT_OBJC_MSGSEND = YES;
				GCC_C_LANGUAGE_STANDARD = gnu11;
				GCC_NO_COMMON_BLOCKS = YES;
				GCC_WARN_64_TO_32_BIT_CONVERSION = YES;
				GCC_WARN_ABOUT_RETURN_TYPE = YES_ERROR;
				GCC_WARN_UNDECLARED_SELECTOR = YES;
				GCC_WARN_UNINITIALIZED_AUTOS = YES_AGGRESSIVE;
				GCC_WARN_UNUSED_FUNCTION = YES;
				GCC_WARN_UNUSED_VARIABLE = YES;
				IPHONEOS_DEPLOYMENT_TARGET = 13.0;
				MTL_ENABLE_DEBUG_INFO = NO;
				MTL_FAST_MATH = YES;
				SDKROOT = iphoneos;
				SWIFT_COMPILATION_MODE = wholemodule;
				SWIFT_OPTIMIZATION_LEVEL = "-O";
				VALIDATE_PRODUCT = YES;
			};
			name = Release;
		};
		289F559923C604E70051F661 /* Debug */ = {
			isa = XCBuildConfiguration;
			buildSettings = {
				ASSETCATALOG_COMPILER_APPICON_NAME = AppIcon;
				CODE_SIGN_STYLE = Automatic;
				INFOPLIST_FILE = Esteban_Giacobbe_CWK/Info.plist;
				LD_RUNPATH_SEARCH_PATHS = (
					"$(inherited)",
					"@executable_path/Frameworks",
				);
				PRODUCT_BUNDLE_IDENTIFIER = "Esteban.Esteban-Giacobbe-CWK";
				PRODUCT_NAME = "$(TARGET_NAME)";
				SWIFT_VERSION = 5.0;
				TARGETED_DEVICE_FAMILY = "1,2";
			};
			name = Debug;
		};
		289F559A23C604E70051F661 /* Release */ = {
			isa = XCBuildConfiguration;
			buildSettings = {
				ASSETCATALOG_COMPILER_APPICON_NAME = AppIcon;
				CODE_SIGN_STYLE = Automatic;
				INFOPLIST_FILE = Esteban_Giacobbe_CWK/Info.plist;
				LD_RUNPATH_SEARCH_PATHS = (
					"$(inherited)",
					"@executable_path/Frameworks",
				);
				PRODUCT_BUNDLE_IDENTIFIER = "Esteban.Esteban-Giacobbe-CWK";
				PRODUCT_NAME = "$(TARGET_NAME)";
				SWIFT_VERSION = 5.0;
				TARGETED_DEVICE_FAMILY = "1,2";
			};
			name = Release;
		};
		289F559C23C604E70051F661 /* Debug */ = {
			isa = XCBuildConfiguration;
			buildSettings = {
				ALWAYS_EMBED_SWIFT_STANDARD_LIBRARIES = YES;
				BUNDLE_LOADER = "$(TEST_HOST)";
				CODE_SIGN_STYLE = Automatic;
				INFOPLIST_FILE = Esteban_Giacobbe_CWKTests/Info.plist;
				IPHONEOS_DEPLOYMENT_TARGET = 13.0;
				LD_RUNPATH_SEARCH_PATHS = (
					"$(inherited)",
					"@executable_path/Frameworks",
					"@loader_path/Frameworks",
				);
				PRODUCT_BUNDLE_IDENTIFIER = "Esteban.Esteban-Giacobbe-CWKTests";
				PRODUCT_NAME = "$(TARGET_NAME)";
				SWIFT_VERSION = 5.0;
				TARGETED_DEVICE_FAMILY = "1,2";
				TEST_HOST = "$(BUILT_PRODUCTS_DIR)/Esteban_Giacobbe_CWK.app/Esteban_Giacobbe_CWK";
			};
			name = Debug;
		};
		289F559D23C604E70051F661 /* Release */ = {
			isa = XCBuildConfiguration;
			buildSettings = {
				ALWAYS_EMBED_SWIFT_STANDARD_LIBRARIES = YES;
				BUNDLE_LOADER = "$(TEST_HOST)";
				CODE_SIGN_STYLE = Automatic;
				INFOPLIST_FILE = Esteban_Giacobbe_CWKTests/Info.plist;
				IPHONEOS_DEPLOYMENT_TARGET = 13.0;
				LD_RUNPATH_SEARCH_PATHS = (
					"$(inherited)",
					"@executable_path/Frameworks",
					"@loader_path/Frameworks",
				);
				PRODUCT_BUNDLE_IDENTIFIER = "Esteban.Esteban-Giacobbe-CWKTests";
				PRODUCT_NAME = "$(TARGET_NAME)";
				SWIFT_VERSION = 5.0;
				TARGETED_DEVICE_FAMILY = "1,2";
				TEST_HOST = "$(BUILT_PRODUCTS_DIR)/Esteban_Giacobbe_CWK.app/Esteban_Giacobbe_CWK";
			};
			name = Release;
		};
		289F559F23C604E70051F661 /* Debug */ = {
			isa = XCBuildConfiguration;
			buildSettings = {
				ALWAYS_EMBED_SWIFT_STANDARD_LIBRARIES = YES;
				CODE_SIGN_STYLE = Automatic;
				INFOPLIST_FILE = Esteban_Giacobbe_CWKUITests/Info.plist;
				LD_RUNPATH_SEARCH_PATHS = (
					"$(inherited)",
					"@executable_path/Frameworks",
					"@loader_path/Frameworks",
				);
				PRODUCT_BUNDLE_IDENTIFIER = "Esteban.Esteban-Giacobbe-CWKUITests";
				PRODUCT_NAME = "$(TARGET_NAME)";
				SWIFT_VERSION = 5.0;
				TARGETED_DEVICE_FAMILY = "1,2";
				TEST_TARGET_NAME = Esteban_Giacobbe_CWK;
			};
			name = Debug;
		};
		289F55A023C604E70051F661 /* Release */ = {
			isa = XCBuildConfiguration;
			buildSettings = {
				ALWAYS_EMBED_SWIFT_STANDARD_LIBRARIES = YES;
				CODE_SIGN_STYLE = Automatic;
				INFOPLIST_FILE = Esteban_Giacobbe_CWKUITests/Info.plist;
				LD_RUNPATH_SEARCH_PATHS = (
					"$(inherited)",
					"@executable_path/Frameworks",
					"@loader_path/Frameworks",
				);
				PRODUCT_BUNDLE_IDENTIFIER = "Esteban.Esteban-Giacobbe-CWKUITests";
				PRODUCT_NAME = "$(TARGET_NAME)";
				SWIFT_VERSION = 5.0;
				TARGETED_DEVICE_FAMILY = "1,2";
				TEST_TARGET_NAME = Esteban_Giacobbe_CWK;
			};
			name = Release;
		};
/* End XCBuildConfiguration section */

/* Begin XCConfigurationList section */
		289F556923C604E30051F661 /* Build configuration list for PBXProject "Esteban_Giacobbe_CWK" */ = {
			isa = XCConfigurationList;
			buildConfigurations = (
				289F559623C604E70051F661 /* Debug */,
				289F559723C604E70051F661 /* Release */,
			);
			defaultConfigurationIsVisible = 0;
			defaultConfigurationName = Release;
		};
		289F559823C604E70051F661 /* Build configuration list for PBXNativeTarget "Esteban_Giacobbe_CWK" */ = {
			isa = XCConfigurationList;
			buildConfigurations = (
				289F559923C604E70051F661 /* Debug */,
				289F559A23C604E70051F661 /* Release */,
			);
			defaultConfigurationIsVisible = 0;
			defaultConfigurationName = Release;
		};
		289F559B23C604E70051F661 /* Build configuration list for PBXNativeTarget "Esteban_Giacobbe_CWKTests" */ = {
			isa = XCConfigurationList;
			buildConfigurations = (
				289F559C23C604E70051F661 /* Debug */,
				289F559D23C604E70051F661 /* Release */,
			);
			defaultConfigurationIsVisible = 0;
			defaultConfigurationName = Release;
		};
		289F559E23C604E70051F661 /* Build configuration list for PBXNativeTarget "Esteban_Giacobbe_CWKUITests" */ = {
			isa = XCConfigurationList;
			buildConfigurations = (
				289F559F23C604E70051F661 /* Debug */,
				289F55A023C604E70051F661 /* Release */,
			);
			defaultConfigurationIsVisible = 0;
			defaultConfigurationName = Release;
		};
/* End XCConfigurationList section */
	};
	rootObject = 289F556623C604E30051F661 /* Project object */;
}
